
Microsoft Visual Studio Solution File, Format Version 12.00
# Visual Studio Version 16
VisualStudioVersion = 16.0.29326.143
MinimumVisualStudioVersion = 10.0.40219.1
Project("{FAE04EC0-301F-11D3-BF4B-00C04F79EFBC}") = "serialization", "serialization.csproj", "{56AC8B6F-7516-46FB-A01A-81D6776F4283}"
EndProject
Project("{FAE04EC0-301F-11D3-BF4B-00C04F79EFBC}") = "SummaryBookApp", "..\..\..\week09tema1adonet\week09tema1\SummaryBookApp\SummaryBookApp.csproj", "{04DFD769-1ACD-4207-9EB4-85D02825F4AF}"
EndProject
Project("{FAE04EC0-301F-11D3-BF4B-00C04F79EFBC}") = "SummaryPublisherApp", "..\..\..\week09tema1adonet\week09tema1\SummaryPublisherApp\SummaryPublisherApp.csproj", "{1B89B3EF-B6A4-4305-80AD-4223E04516B7}"
EndProject
Global
	GlobalSection(SolutionConfigurationPlatforms) = preSolution
		Debug|Any CPU = Debug|Any CPU
		Release|Any CPU = Release|Any CPU
	EndGlobalSection
	GlobalSection(ProjectConfigurationPlatforms) = postSolution
		{56AC8B6F-7516-46FB-A01A-81D6776F4283}.Debug|Any CPU.ActiveCfg = Debug|Any CPU
		{56AC8B6F-7516-46FB-A01A-81D6776F4283}.Debug|Any CPU.Build.0 = Debug|Any CPU
		{56AC8B6F-7516-46FB-A01A-81D6776F4283}.Release|Any CPU.ActiveCfg = Release|Any CPU
		{56AC8B6F-7516-46FB-A01A-81D6776F4283}.Release|Any CPU.Build.0 = Release|Any CPU
		{04DFD769-1ACD-4207-9EB4-85D02825F4AF}.Debug|Any CPU.ActiveCfg = Debug|Any CPU
		{04DFD769-1ACD-4207-9EB4-85D02825F4AF}.Debug|Any CPU.Build.0 = Debug|Any CPU
		{04DFD769-1ACD-4207-9EB4-85D02825F4AF}.Release|Any CPU.ActiveCfg = Release|Any CPU
		{04DFD769-1ACD-4207-9EB4-85D02825F4AF}.Release|Any CPU.Build.0 = Release|Any CPU
		{1B89B3EF-B6A4-4305-80AD-4223E04516B7}.Debug|Any CPU.ActiveCfg = Debug|Any CPU
		{1B89B3EF-B6A4-4305-80AD-4223E04516B7}.Debug|Any CPU.Build.0 = Debug|Any CPU
		{1B89B3EF-B6A4-4305-80AD-4223E04516B7}.Release|Any CPU.ActiveCfg = Release|Any CPU
		{1B89B3EF-B6A4-4305-80AD-4223E04516B7}.Release|Any CPU.Build.0 = Release|Any CPU
	EndGlobalSection
	GlobalSection(SolutionProperties) = preSolution
		HideSolutionNode = FALSE
	EndGlobalSection
	GlobalSection(ExtensibilityGlobals) = postSolution
		SolutionGuid = {9264BEA8-D9B9-4C5D-8F5D-026B821C1EA5}
	EndGlobalSection
EndGlobal
